
Microsoft Visual Studio Solution File, Format Version 12.00
# Visual Studio Version 16
VisualStudioVersion = 16.0.30907.101
MinimumVisualStudioVersion = 10.0.40219.1
Project("{FAE04EC0-301F-11D3-BF4B-00C04F79EFBC}") = "ChangeCalculator", "ChangeCalculator.csproj", "{7882BBA2-9E60-4CBE-8D02-80ACD21D1515}"
EndProject
Global
	GlobalSection(SolutionConfigurationPlatforms) = preSolution
		Debug|Any CPU = Debug|Any CPU
		Release|Any CPU = Release|Any CPU
	EndGlobalSection
	GlobalSection(ProjectConfigurationPlatforms) = postSolution
		{7882BBA2-9E60-4CBE-8D02-80ACD21D1515}.Debug|Any CPU.ActiveCfg = Debug|Any CPU
		{7882BBA2-9E60-4CBE-8D02-80ACD21D1515}.Debug|Any CPU.Build.0 = Debug|Any CPU
		{7882BBA2-9E60-4CBE-8D02-80ACD21D1515}.Release|Any CPU.ActiveCfg = Release|Any CPU
		{7882BBA2-9E60-4CBE-8D02-80ACD21D1515}.Release|Any CPU.Build.0 = Release|Any CPU
	EndGlobalSection
	GlobalSection(SolutionProperties) = preSolution
		HideSolutionNode = FALSE
	EndGlobalSection
	GlobalSection(ExtensibilityGlobals) = postSolution
		SolutionGuid = {2AA773D0-0B77-4502-ABD5-7657CA2B6C6F}
	EndGlobalSection
EndGlobal
